
Microsoft Visual Studio Solution File, Format Version 12.00
# Visual Studio 15
VisualStudioVersion = 15.0.27004.2005
MinimumVisualStudioVersion = 10.0.40219.1
Project("{FAE04EC0-301F-11D3-BF4B-00C04F79EFBC}") = "Kundenservice", "Kundenservice\Kundenservice.csproj", "{01D41B11-B2F7-404B-A2B4-BC14E8F64D02}"
EndProject
Project("{FAE04EC0-301F-11D3-BF4B-00C04F79EFBC}") = "Host", "Host\Host.csproj", "{92AA6DB7-C534-4497-A912-8F320A6A22E8}"
EndProject
Project("{FAE04EC0-301F-11D3-BF4B-00C04F79EFBC}") = "Client", "Client\Client.csproj", "{49AC091E-1E51-45D5-8F9F-A00F56131452}"
EndProject
Global
	GlobalSection(SolutionConfigurationPlatforms) = preSolution
		Debug|Any CPU = Debug|Any CPU
		Release|Any CPU = Release|Any CPU
	EndGlobalSection
	GlobalSection(ProjectConfigurationPlatforms) = postSolution
		{01D41B11-B2F7-404B-A2B4-BC14E8F64D02}.Debug|Any CPU.ActiveCfg = Debug|Any CPU
		{01D41B11-B2F7-404B-A2B4-BC14E8F64D02}.Debug|Any CPU.Build.0 = Debug|Any CPU
		{01D41B11-B2F7-404B-A2B4-BC14E8F64D02}.Release|Any CPU.ActiveCfg = Release|Any CPU
		{01D41B11-B2F7-404B-A2B4-BC14E8F64D02}.Release|Any CPU.Build.0 = Release|Any CPU
		{92AA6DB7-C534-4497-A912-8F320A6A22E8}.Debug|Any CPU.ActiveCfg = Debug|Any CPU
		{92AA6DB7-C534-4497-A912-8F320A6A22E8}.Debug|Any CPU.Build.0 = Debug|Any CPU
		{92AA6DB7-C534-4497-A912-8F320A6A22E8}.Release|Any CPU.ActiveCfg = Release|Any CPU
		{92AA6DB7-C534-4497-A912-8F320A6A22E8}.Release|Any CPU.Build.0 = Release|Any CPU
		{49AC091E-1E51-45D5-8F9F-A00F56131452}.Debug|Any CPU.ActiveCfg = Debug|Any CPU
		{49AC091E-1E51-45D5-8F9F-A00F56131452}.Debug|Any CPU.Build.0 = Debug|Any CPU
		{49AC091E-1E51-45D5-8F9F-A00F56131452}.Release|Any CPU.ActiveCfg = Release|Any CPU
		{49AC091E-1E51-45D5-8F9F-A00F56131452}.Release|Any CPU.Build.0 = Release|Any CPU
	EndGlobalSection
	GlobalSection(SolutionProperties) = preSolution
		HideSolutionNode = FALSE
	EndGlobalSection
	GlobalSection(ExtensibilityGlobals) = postSolution
		SolutionGuid = {B84E27AA-415A-49C5-BF9A-2FE13525533D}
	EndGlobalSection
EndGlobal
